// !$*UTF8*$!
{
	archiveVersion = 1;
	classes = {
	};
	objectVersion = 55;
	objects = {

/* Begin PBXBuildFile section */
		7BAB209D2910EB30000473B0 /* dduuududududuuddudu.swift in Sources */ = {isa = PBXBuildFile; fileRef = 7BAB209C2910EB30000473B0 /* dduuududududuuddudu.swift */; };
		9A7102A828A1D294005441DD /* AppDelegate.swift in Sources */ = {isa = PBXBuildFile; fileRef = 9A7102A728A1D294005441DD /* AppDelegate.swift */; };
		9A7102AA28A1D294005441DD /* SceneDelegate.swift in Sources */ = {isa = PBXBuildFile; fileRef = 9A7102A928A1D294005441DD /* SceneDelegate.swift */; };
		9A7102AC28A1D294005441DD /* GardenViewController.swift in Sources */ = {isa = PBXBuildFile; fileRef = 9A7102AB28A1D294005441DD /* GardenViewController.swift */; };
		9A7102AF28A1D294005441DD /* Main.storyboard in Resources */ = {isa = PBXBuildFile; fileRef = 9A7102AD28A1D294005441DD /* Main.storyboard */; };
		9A7102B128A1D295005441DD /* Assets.xcassets in Resources */ = {isa = PBXBuildFile; fileRef = 9A7102B028A1D295005441DD /* Assets.xcassets */; };
		9A7102B428A1D295005441DD /* LaunchScreen.storyboard in Resources */ = {isa = PBXBuildFile; fileRef = 9A7102B228A1D295005441DD /* LaunchScreen.storyboard */; };
		9AAAC46D28BE2A0200291C2C /* DiagnosisView.swift in Sources */ = {isa = PBXBuildFile; fileRef = 9AAAC46828BE2A0200291C2C /* DiagnosisView.swift */; };
		9AAAC46F28BE2A0200291C2C /* CameraPicker.swift in Sources */ = {isa = PBXBuildFile; fileRef = 9AAAC46B28BE2A0200291C2C /* CameraPicker.swift */; };
		9AAAC47028BE2A0200291C2C /* PhotoPicker.swift in Sources */ = {isa = PBXBuildFile; fileRef = 9AAAC46C28BE2A0200291C2C /* PhotoPicker.swift */; };
		9AAAC47328BE2A0F00291C2C /* PlantStatusPrediction.swift in Sources */ = {isa = PBXBuildFile; fileRef = 9AAAC47228BE2A0F00291C2C /* PlantStatusPrediction.swift */; };
		9AAAC47728BE2A1900291C2C /* VNClassificationObservation+confidenceString.swift in Sources */ = {isa = PBXBuildFile; fileRef = 9AAAC47528BE2A1900291C2C /* VNClassificationObservation+confidenceString.swift */; };
		9AAAC47828BE2A1900291C2C /* CGImagePropertyOrientation+UIImageOrientation.swift in Sources */ = {isa = PBXBuildFile; fileRef = 9AAAC47628BE2A1900291C2C /* CGImagePropertyOrientation+UIImageOrientation.swift */; };
		9AAAC48128BE2A3400291C2C /* NOTICE.txt in Resources */ = {isa = PBXBuildFile; fileRef = 9AAAC47C28BE2A3400291C2C /* NOTICE.txt */; };
		9AAAC48328BE2A3400291C2C /* LICENSE.txt in Resources */ = {isa = PBXBuildFile; fileRef = 9AAAC47E28BE2A3400291C2C /* LICENSE.txt */; };
		9AAAC48B28BE320F00291C2C /* PlantManagementViewController.swift in Sources */ = {isa = PBXBuildFile; fileRef = 9AAAC48A28BE320F00291C2C /* PlantManagementViewController.swift */; };
		A90AFF8C28EF1298008BC229 /* DateFormatter.swift in Sources */ = {isa = PBXBuildFile; fileRef = A90AFF8B28EF1298008BC229 /* DateFormatter.swift */; };
		A90F8D772908DC2800E2478C /* StoryBoard.storyboard in Resources */ = {isa = PBXBuildFile; fileRef = A90F8D762908DC2800E2478C /* StoryBoard.storyboard */; };
		A92A48AB28EF977000A18A90 /* Then in Frameworks */ = {isa = PBXBuildFile; productRef = A92A48AA28EF977000A18A90 /* Then */; };
		A92A48AD28EFF8DE00A18A90 /* ReminderCell.swift in Sources */ = {isa = PBXBuildFile; fileRef = A92A48AC28EFF8DE00A18A90 /* ReminderCell.swift */; };
		A92A48AF28F01C5600A18A90 /* DefaultButton.swift in Sources */ = {isa = PBXBuildFile; fileRef = A92A48AE28F01C5600A18A90 /* DefaultButton.swift */; };
		A92A48B128F0223F00A18A90 /* Calendar+Date.swift in Sources */ = {isa = PBXBuildFile; fileRef = A92A48B028F0223F00A18A90 /* Calendar+Date.swift */; };
		A93014E728EC3CBA00C61E21 /* AddPlantViewControllerExtension.swift in Sources */ = {isa = PBXBuildFile; fileRef = A93014E628EC3CBA00C61E21 /* AddPlantViewControllerExtension.swift */; };
		A93014E928EC519000C61E21 /* MyPlantDataModel.swift in Sources */ = {isa = PBXBuildFile; fileRef = A93014E828EC519000C61E21 /* MyPlantDataModel.swift */; };
		A93741B928EAAAA900AE22E1 /* MainViewControllerExtension.swift in Sources */ = {isa = PBXBuildFile; fileRef = A93741B828EAAAA900AE22E1 /* MainViewControllerExtension.swift */; };
		A93741BB28EAB4E700AE22E1 /* AddPlantViewController.swift in Sources */ = {isa = PBXBuildFile; fileRef = A93741BA28EAB4E700AE22E1 /* AddPlantViewController.swift */; };
		A93741BD28EB23E100AE22E1 /* previewExtension.swift in Sources */ = {isa = PBXBuildFile; fileRef = A93741BC28EB23E100AE22E1 /* previewExtension.swift */; };
		A93741C028EB24C800AE22E1 /* AddPlantViewControllerUI.swift in Sources */ = {isa = PBXBuildFile; fileRef = A93741BF28EB24C800AE22E1 /* AddPlantViewControllerUI.swift */; };
		A93741E428EB359600AE22E1 /* WeekDay.swift in Sources */ = {isa = PBXBuildFile; fileRef = A93741E328EB359600AE22E1 /* WeekDay.swift */; };
		A950E6762910D4C100F7623A /* TestFileFirst.swift in Sources */ = {isa = PBXBuildFile; fileRef = A950E6752910D4C100F7623A /* TestFileFirst.swift */; };
		A95C5B8428E9878F00EACCBC /* HeaderCollectionReusableView.swift in Sources */ = {isa = PBXBuildFile; fileRef = A95C5B8328E9878F00EACCBC /* HeaderCollectionReusableView.swift */; };
		A97A08B928E87C5B00DCA2F0 /* MainViewController.swift in Sources */ = {isa = PBXBuildFile; fileRef = A97A08B828E87C5B00DCA2F0 /* MainViewController.swift */; };
		A97A08BB28E87D1700DCA2F0 /* MainViewControllerUI.swift in Sources */ = {isa = PBXBuildFile; fileRef = A97A08BA28E87D1700DCA2F0 /* MainViewControllerUI.swift */; };
		A97A08BE28E8806700DCA2F0 /* MainViewController+DataSource.swift in Sources */ = {isa = PBXBuildFile; fileRef = A97A08BD28E8806700DCA2F0 /* MainViewController+DataSource.swift */; };
		A97A1F8528F1982300BBB7CD /* DiaryViewController.swift in Sources */ = {isa = PBXBuildFile; fileRef = A97A1F8428F1982300BBB7CD /* DiaryViewController.swift */; };
		A9A8D2A828C037EE00DD2709 /* TextExtension.swift in Sources */ = {isa = PBXBuildFile; fileRef = A9A8D2A728C037EE00DD2709 /* TextExtension.swift */; };
		A9B8D33328BEED31008D5B11 /* DiseaseDetection.mlmodel in Sources */ = {isa = PBXBuildFile; fileRef = A9B8D33228BEED31008D5B11 /* DiseaseDetection.mlmodel */; };
		A9B8D33528BEED39008D5B11 /* PlantStatusClassification.mlmodel in Sources */ = {isa = PBXBuildFile; fileRef = A9B8D33428BEED39008D5B11 /* PlantStatusClassification.mlmodel */; };
		A9B8D33728BEEDFD008D5B11 /* PlantDiseasePrediction.swift in Sources */ = {isa = PBXBuildFile; fileRef = A9B8D33628BEEDFD008D5B11 /* PlantDiseasePrediction.swift */; };
		A9BB8CD92911023A0059F8FA /* TestCOnflict.swift in Sources */ = {isa = PBXBuildFile; fileRef = A9BB8CD82911023A0059F8FA /* TestCOnflict.swift */; };
		A9EC184828E918D300E9E099 /* MyPlantCell.swift in Sources */ = {isa = PBXBuildFile; fileRef = A9EC184728E918D300E9E099 /* MyPlantCell.swift */; };
		A9EC184B28E92C5B00E9E099 /* SnapKit in Frameworks */ = {isa = PBXBuildFile; productRef = A9EC184A28E92C5B00E9E099 /* SnapKit */; };
/* End PBXBuildFile section */

/* Begin PBXFileReference section */
		7BAB209C2910EB30000473B0 /* dduuududududuuddudu.swift */ = {isa = PBXFileReference; lastKnownFileType = sourcecode.swift; path = dduuududududuuddudu.swift; sourceTree = "<group>"; };
		9A7102A428A1D294005441DD /* PlantWithJoy.app */ = {isa = PBXFileReference; explicitFileType = wrapper.application; includeInIndex = 0; path = PlantWithJoy.app; sourceTree = BUILT_PRODUCTS_DIR; };
		9A7102A728A1D294005441DD /* AppDelegate.swift */ = {isa = PBXFileReference; lastKnownFileType = sourcecode.swift; path = AppDelegate.swift; sourceTree = "<group>"; };
		9A7102A928A1D294005441DD /* SceneDelegate.swift */ = {isa = PBXFileReference; lastKnownFileType = sourcecode.swift; path = SceneDelegate.swift; sourceTree = "<group>"; };
		9A7102AB28A1D294005441DD /* GardenViewController.swift */ = {isa = PBXFileReference; lastKnownFileType = sourcecode.swift; path = GardenViewController.swift; sourceTree = "<group>"; };
		9A7102AE28A1D294005441DD /* Base */ = {isa = PBXFileReference; lastKnownFileType = file.storyboard; name = Base; path = Base.lproj/Main.storyboard; sourceTree = "<group>"; };
		9A7102B028A1D295005441DD /* Assets.xcassets */ = {isa = PBXFileReference; lastKnownFileType = folder.assetcatalog; path = Assets.xcassets; sourceTree = "<group>"; };
		9A7102B328A1D295005441DD /* Base */ = {isa = PBXFileReference; lastKnownFileType = file.storyboard; name = Base; path = Base.lproj/LaunchScreen.storyboard; sourceTree = "<group>"; };
		9A7102B528A1D295005441DD /* Info.plist */ = {isa = PBXFileReference; lastKnownFileType = text.plist.xml; path = Info.plist; sourceTree = "<group>"; };
		9AAAC46828BE2A0200291C2C /* DiagnosisView.swift */ = {isa = PBXFileReference; fileEncoding = 4; lastKnownFileType = sourcecode.swift; path = DiagnosisView.swift; sourceTree = "<group>"; };
		9AAAC46B28BE2A0200291C2C /* CameraPicker.swift */ = {isa = PBXFileReference; fileEncoding = 4; lastKnownFileType = sourcecode.swift; path = CameraPicker.swift; sourceTree = "<group>"; };
		9AAAC46C28BE2A0200291C2C /* PhotoPicker.swift */ = {isa = PBXFileReference; fileEncoding = 4; lastKnownFileType = sourcecode.swift; path = PhotoPicker.swift; sourceTree = "<group>"; };
		9AAAC47228BE2A0F00291C2C /* PlantStatusPrediction.swift */ = {isa = PBXFileReference; fileEncoding = 4; lastKnownFileType = sourcecode.swift; path = PlantStatusPrediction.swift; sourceTree = "<group>"; };
		9AAAC47528BE2A1900291C2C /* VNClassificationObservation+confidenceString.swift */ = {isa = PBXFileReference; fileEncoding = 4; lastKnownFileType = sourcecode.swift; path = "VNClassificationObservation+confidenceString.swift"; sourceTree = "<group>"; };
		9AAAC47628BE2A1900291C2C /* CGImagePropertyOrientation+UIImageOrientation.swift */ = {isa = PBXFileReference; fileEncoding = 4; lastKnownFileType = sourcecode.swift; path = "CGImagePropertyOrientation+UIImageOrientation.swift"; sourceTree = "<group>"; };
		9AAAC47C28BE2A3400291C2C /* NOTICE.txt */ = {isa = PBXFileReference; fileEncoding = 4; lastKnownFileType = text; path = NOTICE.txt; sourceTree = "<group>"; };
		9AAAC47E28BE2A3400291C2C /* LICENSE.txt */ = {isa = PBXFileReference; fileEncoding = 4; lastKnownFileType = text; path = LICENSE.txt; sourceTree = "<group>"; };
		9AAAC48A28BE320F00291C2C /* PlantManagementViewController.swift */ = {isa = PBXFileReference; lastKnownFileType = sourcecode.swift; path = PlantManagementViewController.swift; sourceTree = "<group>"; };
		9ABBC5A828B3D3BA004AD616 /* PlantWithJoy.entitlements */ = {isa = PBXFileReference; lastKnownFileType = text.plist.entitlements; path = PlantWithJoy.entitlements; sourceTree = "<group>"; };
		A90AFF8B28EF1298008BC229 /* DateFormatter.swift */ = {isa = PBXFileReference; lastKnownFileType = sourcecode.swift; path = DateFormatter.swift; sourceTree = "<group>"; };
		A90F8D762908DC2800E2478C /* StoryBoard.storyboard */ = {isa = PBXFileReference; lastKnownFileType = file.storyboard; path = StoryBoard.storyboard; sourceTree = "<group>"; };
		A92A48AC28EFF8DE00A18A90 /* ReminderCell.swift */ = {isa = PBXFileReference; lastKnownFileType = sourcecode.swift; path = ReminderCell.swift; sourceTree = "<group>"; };
		A92A48AE28F01C5600A18A90 /* DefaultButton.swift */ = {isa = PBXFileReference; lastKnownFileType = sourcecode.swift; path = DefaultButton.swift; sourceTree = "<group>"; };
		A92A48B028F0223F00A18A90 /* Calendar+Date.swift */ = {isa = PBXFileReference; lastKnownFileType = sourcecode.swift; path = "Calendar+Date.swift"; sourceTree = "<group>"; };
		A93014E628EC3CBA00C61E21 /* AddPlantViewControllerExtension.swift */ = {isa = PBXFileReference; lastKnownFileType = sourcecode.swift; path = AddPlantViewControllerExtension.swift; sourceTree = "<group>"; };
		A93014E828EC519000C61E21 /* MyPlantDataModel.swift */ = {isa = PBXFileReference; lastKnownFileType = sourcecode.swift; path = MyPlantDataModel.swift; sourceTree = "<group>"; };
		A93741B828EAAAA900AE22E1 /* MainViewControllerExtension.swift */ = {isa = PBXFileReference; lastKnownFileType = sourcecode.swift; path = MainViewControllerExtension.swift; sourceTree = "<group>"; };
		A93741BA28EAB4E700AE22E1 /* AddPlantViewController.swift */ = {isa = PBXFileReference; lastKnownFileType = sourcecode.swift; path = AddPlantViewController.swift; sourceTree = "<group>"; };
		A93741BC28EB23E100AE22E1 /* previewExtension.swift */ = {isa = PBXFileReference; lastKnownFileType = sourcecode.swift; path = previewExtension.swift; sourceTree = "<group>"; };
		A93741BF28EB24C800AE22E1 /* AddPlantViewControllerUI.swift */ = {isa = PBXFileReference; lastKnownFileType = sourcecode.swift; path = AddPlantViewControllerUI.swift; sourceTree = "<group>"; };
		A93741E328EB359600AE22E1 /* WeekDay.swift */ = {isa = PBXFileReference; lastKnownFileType = sourcecode.swift; path = WeekDay.swift; sourceTree = "<group>"; };
		A950E6752910D4C100F7623A /* TestFileFirst.swift */ = {isa = PBXFileReference; lastKnownFileType = sourcecode.swift; path = TestFileFirst.swift; sourceTree = "<group>"; };
		A95C5B8328E9878F00EACCBC /* HeaderCollectionReusableView.swift */ = {isa = PBXFileReference; lastKnownFileType = sourcecode.swift; path = HeaderCollectionReusableView.swift; sourceTree = "<group>"; };
		A97A08B828E87C5B00DCA2F0 /* MainViewController.swift */ = {isa = PBXFileReference; lastKnownFileType = sourcecode.swift; path = MainViewController.swift; sourceTree = "<group>"; };
		A97A08BA28E87D1700DCA2F0 /* MainViewControllerUI.swift */ = {isa = PBXFileReference; lastKnownFileType = sourcecode.swift; path = MainViewControllerUI.swift; sourceTree = "<group>"; };
		A97A08BD28E8806700DCA2F0 /* MainViewController+DataSource.swift */ = {isa = PBXFileReference; lastKnownFileType = sourcecode.swift; path = "MainViewController+DataSource.swift"; sourceTree = "<group>"; };
		A97A1F8428F1982300BBB7CD /* DiaryViewController.swift */ = {isa = PBXFileReference; lastKnownFileType = sourcecode.swift; path = DiaryViewController.swift; sourceTree = "<group>"; };
		A9A8D2A728C037EE00DD2709 /* TextExtension.swift */ = {isa = PBXFileReference; lastKnownFileType = sourcecode.swift; path = TextExtension.swift; sourceTree = "<group>"; };
		A9B8D33228BEED31008D5B11 /* DiseaseDetection.mlmodel */ = {isa = PBXFileReference; lastKnownFileType = file.mlmodel; path = DiseaseDetection.mlmodel; sourceTree = "<group>"; };
		A9B8D33428BEED39008D5B11 /* PlantStatusClassification.mlmodel */ = {isa = PBXFileReference; lastKnownFileType = file.mlmodel; path = PlantStatusClassification.mlmodel; sourceTree = "<group>"; };
		A9B8D33628BEEDFD008D5B11 /* PlantDiseasePrediction.swift */ = {isa = PBXFileReference; lastKnownFileType = sourcecode.swift; path = PlantDiseasePrediction.swift; sourceTree = "<group>"; };
		A9BB8CD82911023A0059F8FA /* TestCOnflict.swift */ = {isa = PBXFileReference; lastKnownFileType = sourcecode.swift; path = TestCOnflict.swift; sourceTree = "<group>"; };
		A9EC184728E918D300E9E099 /* MyPlantCell.swift */ = {isa = PBXFileReference; lastKnownFileType = sourcecode.swift; path = MyPlantCell.swift; sourceTree = "<group>"; };
/* End PBXFileReference section */

/* Begin PBXFrameworksBuildPhase section */
		9A7102A128A1D294005441DD /* Frameworks */ = {
			isa = PBXFrameworksBuildPhase;
			buildActionMask = 2147483647;
			files = (
				A9EC184B28E92C5B00E9E099 /* SnapKit in Frameworks */,
				A92A48AB28EF977000A18A90 /* Then in Frameworks */,
			);
			runOnlyForDeploymentPostprocessing = 0;
		};
/* End PBXFrameworksBuildPhase section */

/* Begin PBXGroup section */
		9A71029B28A1D294005441DD = {
			isa = PBXGroup;
			children = (
				9A7102A628A1D294005441DD /* PlantWithJoy */,
				9A7102A528A1D294005441DD /* Products */,
			);
			sourceTree = "<group>";
		};
		9A7102A528A1D294005441DD /* Products */ = {
			isa = PBXGroup;
			children = (
				9A7102A428A1D294005441DD /* PlantWithJoy.app */,
			);
			name = Products;
			sourceTree = "<group>";
		};
		9A7102A628A1D294005441DD /* PlantWithJoy */ = {
			isa = PBXGroup;
			children = (
				A9BB8CD72911022D0059F8FA /* ConflictTestFolder */,
				A97A08B728E87C4800DCA2F0 /* Refactor */,
				9ABBC5A828B3D3BA004AD616 /* PlantWithJoy.entitlements */,
				9A7102A728A1D294005441DD /* AppDelegate.swift */,
				9A7102A928A1D294005441DD /* SceneDelegate.swift */,
				9AAAC48A28BE320F00291C2C /* PlantManagementViewController.swift */,
				9A7102AB28A1D294005441DD /* GardenViewController.swift */,
				9AAAC47928BE2A3400291C2C /* Models */,
				9AAAC47428BE2A1900291C2C /* Extensions */,
				9AAAC47128BE2A0F00291C2C /* Image Predictor */,
				9AAAC46728BE2A0200291C2C /* Prediction */,
				9A7102AD28A1D294005441DD /* Main.storyboard */,
				9A7102B028A1D295005441DD /* Assets.xcassets */,
				9A7102B228A1D295005441DD /* LaunchScreen.storyboard */,
				9A7102B528A1D295005441DD /* Info.plist */,
				A93741BC28EB23E100AE22E1 /* previewExtension.swift */,
				7BAB209C2910EB30000473B0 /* dduuududududuuddudu.swift */,
			);
			path = PlantWithJoy;
			sourceTree = "<group>";
		};
		9AAAC46728BE2A0200291C2C /* Prediction */ = {
			isa = PBXGroup;
			children = (
				9AAAC46828BE2A0200291C2C /* DiagnosisView.swift */,
				9AAAC46B28BE2A0200291C2C /* CameraPicker.swift */,
				9AAAC46C28BE2A0200291C2C /* PhotoPicker.swift */,
			);
			path = Prediction;
			sourceTree = "<group>";
		};
		9AAAC47128BE2A0F00291C2C /* Image Predictor */ = {
			isa = PBXGroup;
			children = (
				9AAAC47228BE2A0F00291C2C /* PlantStatusPrediction.swift */,
				A9B8D33628BEEDFD008D5B11 /* PlantDiseasePrediction.swift */,
			);
			path = "Image Predictor";
			sourceTree = "<group>";
		};
		9AAAC47428BE2A1900291C2C /* Extensions */ = {
			isa = PBXGroup;
			children = (
				9AAAC47528BE2A1900291C2C /* VNClassificationObservation+confidenceString.swift */,
				9AAAC47628BE2A1900291C2C /* CGImagePropertyOrientation+UIImageOrientation.swift */,
				A9A8D2A728C037EE00DD2709 /* TextExtension.swift */,
			);
			path = Extensions;
			sourceTree = "<group>";
		};
		9AAAC47928BE2A3400291C2C /* Models */ = {
			isa = PBXGroup;
			children = (
				A9B8D33428BEED39008D5B11 /* PlantStatusClassification.mlmodel */,
				A9B8D33228BEED31008D5B11 /* DiseaseDetection.mlmodel */,
				9AAAC47C28BE2A3400291C2C /* NOTICE.txt */,
				9AAAC47E28BE2A3400291C2C /* LICENSE.txt */,
			);
			path = Models;
			sourceTree = "<group>";
		};
		A90F8D752908DC1200E2478C /* Board */ = {
			isa = PBXGroup;
			children = (
				A90F8D762908DC2800E2478C /* StoryBoard.storyboard */,
			);
			path = Board;
			sourceTree = "<group>";
		};
		A93014EA28EC540600C61E21 /* ViewControllerExtension */ = {
			isa = PBXGroup;
			children = (
				A93741B828EAAAA900AE22E1 /* MainViewControllerExtension.swift */,
				A93014E628EC3CBA00C61E21 /* AddPlantViewControllerExtension.swift */,
			);
			path = ViewControllerExtension;
			sourceTree = "<group>";
		};
		A93741E228EB358A00AE22E1 /* Model */ = {
			isa = PBXGroup;
			children = (
				A93741E328EB359600AE22E1 /* WeekDay.swift */,
				A93014E828EC519000C61E21 /* MyPlantDataModel.swift */,
				A90AFF8B28EF1298008BC229 /* DateFormatter.swift */,
				A92A48AE28F01C5600A18A90 /* DefaultButton.swift */,
				A92A48B028F0223F00A18A90 /* Calendar+Date.swift */,
			);
			path = Model;
			sourceTree = "<group>";
		};
		A97A08B728E87C4800DCA2F0 /* Refactor */ = {
			isa = PBXGroup;
			children = (
				A90F8D752908DC1200E2478C /* Board */,
				A93741E228EB358A00AE22E1 /* Model */,
				A9EC184628E918BE00E9E099 /* Cells */,
				A93014EA28EC540600C61E21 /* ViewControllerExtension */,
				A97A08B828E87C5B00DCA2F0 /* MainViewController.swift */,
				A93741BA28EAB4E700AE22E1 /* AddPlantViewController.swift */,
				A97A1F8428F1982300BBB7CD /* DiaryViewController.swift */,
				A95C5B8328E9878F00EACCBC /* HeaderCollectionReusableView.swift */,
				A97A08BD28E8806700DCA2F0 /* MainViewController+DataSource.swift */,
				A97A08BC28E87EB400DCA2F0 /* UIComponents */,
				A950E6752910D4C100F7623A /* TestFileFirst.swift */,
			);
			path = Refactor;
			sourceTree = "<group>";
		};
		A97A08BC28E87EB400DCA2F0 /* UIComponents */ = {
			isa = PBXGroup;
			children = (
				A97A08BA28E87D1700DCA2F0 /* MainViewControllerUI.swift */,
				A93741BF28EB24C800AE22E1 /* AddPlantViewControllerUI.swift */,
			);
			path = UIComponents;
			sourceTree = "<group>";
		};
		A9BB8CD72911022D0059F8FA /* ConflictTestFolder */ = {
			isa = PBXGroup;
			children = (
				A9BB8CD82911023A0059F8FA /* TestCOnflict.swift */,
			);
			path = ConflictTestFolder;
			sourceTree = "<group>";
		};
		A9EC184628E918BE00E9E099 /* Cells */ = {
			isa = PBXGroup;
			children = (
				A9EC184728E918D300E9E099 /* MyPlantCell.swift */,
				A92A48AC28EFF8DE00A18A90 /* ReminderCell.swift */,
			);
			path = Cells;
			sourceTree = "<group>";
		};
/* End PBXGroup section */

/* Begin PBXNativeTarget section */
		9A7102A328A1D294005441DD /* PlantWithJoy */ = {
			isa = PBXNativeTarget;
			buildConfigurationList = 9A7102B828A1D295005441DD /* Build configuration list for PBXNativeTarget "PlantWithJoy" */;
			buildPhases = (
				9A7102A028A1D294005441DD /* Sources */,
				9A7102A128A1D294005441DD /* Frameworks */,
				9A7102A228A1D294005441DD /* Resources */,
			);
			buildRules = (
			);
			dependencies = (
			);
			name = PlantWithJoy;
			packageProductDependencies = (
				A9EC184A28E92C5B00E9E099 /* SnapKit */,
				A92A48AA28EF977000A18A90 /* Then */,
			);
			productName = PlantWithJoy;
			productReference = 9A7102A428A1D294005441DD /* PlantWithJoy.app */;
			productType = "com.apple.product-type.application";
		};
/* End PBXNativeTarget section */

/* Begin PBXProject section */
		9A71029C28A1D294005441DD /* Project object */ = {
			isa = PBXProject;
			attributes = {
				BuildIndependentTargetsInParallel = 1;
				LastSwiftUpdateCheck = 1340;
				LastUpgradeCheck = 1340;
				TargetAttributes = {
					9A7102A328A1D294005441DD = {
						CreatedOnToolsVersion = 13.4.1;
					};
				};
			};
			buildConfigurationList = 9A71029F28A1D294005441DD /* Build configuration list for PBXProject "PlantWithJoy" */;
			compatibilityVersion = "Xcode 13.0";
			developmentRegion = en;
			hasScannedForEncodings = 0;
			knownRegions = (
				en,
				Base,
			);
			mainGroup = 9A71029B28A1D294005441DD;
			packageReferences = (
				A9EC184928E92C5B00E9E099 /* XCRemoteSwiftPackageReference "SnapKit" */,
				A92A48A928EF977000A18A90 /* XCRemoteSwiftPackageReference "Then" */,
			);
			productRefGroup = 9A7102A528A1D294005441DD /* Products */;
			projectDirPath = "";
			projectRoot = "";
			targets = (
				9A7102A328A1D294005441DD /* PlantWithJoy */,
			);
		};
/* End PBXProject section */

/* Begin PBXResourcesBuildPhase section */
		9A7102A228A1D294005441DD /* Resources */ = {
			isa = PBXResourcesBuildPhase;
			buildActionMask = 2147483647;
			files = (
				9AAAC48128BE2A3400291C2C /* NOTICE.txt in Resources */,
				9A7102B428A1D295005441DD /* LaunchScreen.storyboard in Resources */,
				9A7102B128A1D295005441DD /* Assets.xcassets in Resources */,
				9A7102AF28A1D294005441DD /* Main.storyboard in Resources */,
				9AAAC48328BE2A3400291C2C /* LICENSE.txt in Resources */,
				A90F8D772908DC2800E2478C /* StoryBoard.storyboard in Resources */,
			);
			runOnlyForDeploymentPostprocessing = 0;
		};
/* End PBXResourcesBuildPhase section */

/* Begin PBXSourcesBuildPhase section */
		9A7102A028A1D294005441DD /* Sources */ = {
			isa = PBXSourcesBuildPhase;
			buildActionMask = 2147483647;
			files = (
				9A7102AC28A1D294005441DD /* GardenViewController.swift in Sources */,
				A9B8D33528BEED39008D5B11 /* PlantStatusClassification.mlmodel in Sources */,
				9AAAC47728BE2A1900291C2C /* VNClassificationObservation+confidenceString.swift in Sources */,
				A93014E928EC519000C61E21 /* MyPlantDataModel.swift in Sources */,
				9A7102A828A1D294005441DD /* AppDelegate.swift in Sources */,
				A9BB8CD92911023A0059F8FA /* TestCOnflict.swift in Sources */,
				A92A48AD28EFF8DE00A18A90 /* ReminderCell.swift in Sources */,
				9AAAC47028BE2A0200291C2C /* PhotoPicker.swift in Sources */,
				A93014E728EC3CBA00C61E21 /* AddPlantViewControllerExtension.swift in Sources */,
				9AAAC48B28BE320F00291C2C /* PlantManagementViewController.swift in Sources */,
				A92A48B128F0223F00A18A90 /* Calendar+Date.swift in Sources */,
				7BAB209D2910EB30000473B0 /* dduuududududuuddudu.swift in Sources */,
				9AAAC47828BE2A1900291C2C /* CGImagePropertyOrientation+UIImageOrientation.swift in Sources */,
				A97A1F8528F1982300BBB7CD /* DiaryViewController.swift in Sources */,
				9A7102AA28A1D294005441DD /* SceneDelegate.swift in Sources */,
				9AAAC47328BE2A0F00291C2C /* PlantStatusPrediction.swift in Sources */,
				A93741BB28EAB4E700AE22E1 /* AddPlantViewController.swift in Sources */,
				A92A48AF28F01C5600A18A90 /* DefaultButton.swift in Sources */,
				A93741C028EB24C800AE22E1 /* AddPlantViewControllerUI.swift in Sources */,
				A97A08BE28E8806700DCA2F0 /* MainViewController+DataSource.swift in Sources */,
				A97A08B928E87C5B00DCA2F0 /* MainViewController.swift in Sources */,
				A9B8D33328BEED31008D5B11 /* DiseaseDetection.mlmodel in Sources */,
				A95C5B8428E9878F00EACCBC /* HeaderCollectionReusableView.swift in Sources */,
				A93741B928EAAAA900AE22E1 /* MainViewControllerExtension.swift in Sources */,
				A950E6762910D4C100F7623A /* TestFileFirst.swift in Sources */,
				A9EC184828E918D300E9E099 /* MyPlantCell.swift in Sources */,
				A93741BD28EB23E100AE22E1 /* previewExtension.swift in Sources */,
				A93741E428EB359600AE22E1 /* WeekDay.swift in Sources */,
				A9A8D2A828C037EE00DD2709 /* TextExtension.swift in Sources */,
				9AAAC46D28BE2A0200291C2C /* DiagnosisView.swift in Sources */,
				A90AFF8C28EF1298008BC229 /* DateFormatter.swift in Sources */,
				A97A08BB28E87D1700DCA2F0 /* MainViewControllerUI.swift in Sources */,
				9AAAC46F28BE2A0200291C2C /* CameraPicker.swift in Sources */,
				A9B8D33728BEEDFD008D5B11 /* PlantDiseasePrediction.swift in Sources */,
			);
			runOnlyForDeploymentPostprocessing = 0;
		};
/* End PBXSourcesBuildPhase section */

/* Begin PBXVariantGroup section */
		9A7102AD28A1D294005441DD /* Main.storyboard */ = {
			isa = PBXVariantGroup;
			children = (
				9A7102AE28A1D294005441DD /* Base */,
			);
			name = Main.storyboard;
			sourceTree = "<group>";
		};
		9A7102B228A1D295005441DD /* LaunchScreen.storyboard */ = {
			isa = PBXVariantGroup;
			children = (
				9A7102B328A1D295005441DD /* Base */,
			);
			name = LaunchScreen.storyboard;
			sourceTree = "<group>";
		};
/* End PBXVariantGroup section */

/* Begin XCBuildConfiguration section */
		9A7102B628A1D295005441DD /* Debug */ = {
			isa = XCBuildConfiguration;
			buildSettings = {
				ALWAYS_SEARCH_USER_PATHS = NO;
				CLANG_ANALYZER_NONNULL = YES;
				CLANG_ANALYZER_NUMBER_OBJECT_CONVERSION = YES_AGGRESSIVE;
				CLANG_CXX_LANGUAGE_STANDARD = "gnu++17";
				CLANG_ENABLE_MODULES = YES;
				CLANG_ENABLE_OBJC_ARC = YES;
				CLANG_ENABLE_OBJC_WEAK = YES;
				CLANG_WARN_BLOCK_CAPTURE_AUTORELEASING = YES;
				CLANG_WARN_BOOL_CONVERSION = YES;
				CLANG_WARN_COMMA = YES;
				CLANG_WARN_CONSTANT_CONVERSION = YES;
				CLANG_WARN_DEPRECATED_OBJC_IMPLEMENTATIONS = YES;
				CLANG_WARN_DIRECT_OBJC_ISA_USAGE = YES_ERROR;
				CLANG_WARN_DOCUMENTATION_COMMENTS = YES;
				CLANG_WARN_EMPTY_BODY = YES;
				CLANG_WARN_ENUM_CONVERSION = YES;
				CLANG_WARN_INFINITE_RECURSION = YES;
				CLANG_WARN_INT_CONVERSION = YES;
				CLANG_WARN_NON_LITERAL_NULL_CONVERSION = YES;
				CLANG_WARN_OBJC_IMPLICIT_RETAIN_SELF = YES;
				CLANG_WARN_OBJC_LITERAL_CONVERSION = YES;
				CLANG_WARN_OBJC_ROOT_CLASS = YES_ERROR;
				CLANG_WARN_QUOTED_INCLUDE_IN_FRAMEWORK_HEADER = YES;
				CLANG_WARN_RANGE_LOOP_ANALYSIS = YES;
				CLANG_WARN_STRICT_PROTOTYPES = YES;
				CLANG_WARN_SUSPICIOUS_MOVE = YES;
				CLANG_WARN_UNGUARDED_AVAILABILITY = YES_AGGRESSIVE;
				CLANG_WARN_UNREACHABLE_CODE = YES;
				CLANG_WARN__DUPLICATE_METHOD_MATCH = YES;
				COPY_PHASE_STRIP = NO;
				DEBUG_INFORMATION_FORMAT = dwarf;
				ENABLE_STRICT_OBJC_MSGSEND = YES;
				ENABLE_TESTABILITY = YES;
				GCC_C_LANGUAGE_STANDARD = gnu11;
				GCC_DYNAMIC_NO_PIC = NO;
				GCC_NO_COMMON_BLOCKS = YES;
				GCC_OPTIMIZATION_LEVEL = 0;
				GCC_PREPROCESSOR_DEFINITIONS = (
					"DEBUG=1",
					"$(inherited)",
				);
				GCC_WARN_64_TO_32_BIT_CONVERSION = YES;
				GCC_WARN_ABOUT_RETURN_TYPE = YES_ERROR;
				GCC_WARN_UNDECLARED_SELECTOR = YES;
				GCC_WARN_UNINITIALIZED_AUTOS = YES_AGGRESSIVE;
				GCC_WARN_UNUSED_FUNCTION = YES;
				GCC_WARN_UNUSED_VARIABLE = YES;
				IPHONEOS_DEPLOYMENT_TARGET = 15.5;
				MTL_ENABLE_DEBUG_INFO = INCLUDE_SOURCE;
				MTL_FAST_MATH = YES;
				ONLY_ACTIVE_ARCH = YES;
				SDKROOT = iphoneos;
				SWIFT_ACTIVE_COMPILATION_CONDITIONS = DEBUG;
				SWIFT_OPTIMIZATION_LEVEL = "-Onone";
			};
			name = Debug;
		};
		9A7102B728A1D295005441DD /* Release */ = {
			isa = XCBuildConfiguration;
			buildSettings = {
				ALWAYS_SEARCH_USER_PATHS = NO;
				CLANG_ANALYZER_NONNULL = YES;
				CLANG_ANALYZER_NUMBER_OBJECT_CONVERSION = YES_AGGRESSIVE;
				CLANG_CXX_LANGUAGE_STANDARD = "gnu++17";
				CLANG_ENABLE_MODULES = YES;
				CLANG_ENABLE_OBJC_ARC = YES;
				CLANG_ENABLE_OBJC_WEAK = YES;
				CLANG_WARN_BLOCK_CAPTURE_AUTORELEASING = YES;
				CLANG_WARN_BOOL_CONVERSION = YES;
				CLANG_WARN_COMMA = YES;
				CLANG_WARN_CONSTANT_CONVERSION = YES;
				CLANG_WARN_DEPRECATED_OBJC_IMPLEMENTATIONS = YES;
				CLANG_WARN_DIRECT_OBJC_ISA_USAGE = YES_ERROR;
				CLANG_WARN_DOCUMENTATION_COMMENTS = YES;
				CLANG_WARN_EMPTY_BODY = YES;
				CLANG_WARN_ENUM_CONVERSION = YES;
				CLANG_WARN_INFINITE_RECURSION = YES;
				CLANG_WARN_INT_CONVERSION = YES;
				CLANG_WARN_NON_LITERAL_NULL_CONVERSION = YES;
				CLANG_WARN_OBJC_IMPLICIT_RETAIN_SELF = YES;
				CLANG_WARN_OBJC_LITERAL_CONVERSION = YES;
				CLANG_WARN_OBJC_ROOT_CLASS = YES_ERROR;
				CLANG_WARN_QUOTED_INCLUDE_IN_FRAMEWORK_HEADER = YES;
				CLANG_WARN_RANGE_LOOP_ANALYSIS = YES;
				CLANG_WARN_STRICT_PROTOTYPES = YES;
				CLANG_WARN_SUSPICIOUS_MOVE = YES;
				CLANG_WARN_UNGUARDED_AVAILABILITY = YES_AGGRESSIVE;
				CLANG_WARN_UNREACHABLE_CODE = YES;
				CLANG_WARN__DUPLICATE_METHOD_MATCH = YES;
				COPY_PHASE_STRIP = NO;
				DEBUG_INFORMATION_FORMAT = "dwarf-with-dsym";
				ENABLE_NS_ASSERTIONS = NO;
				ENABLE_STRICT_OBJC_MSGSEND = YES;
				GCC_C_LANGUAGE_STANDARD = gnu11;
				GCC_NO_COMMON_BLOCKS = YES;
				GCC_WARN_64_TO_32_BIT_CONVERSION = YES;
				GCC_WARN_ABOUT_RETURN_TYPE = YES_ERROR;
				GCC_WARN_UNDECLARED_SELECTOR = YES;
				GCC_WARN_UNINITIALIZED_AUTOS = YES_AGGRESSIVE;
				GCC_WARN_UNUSED_FUNCTION = YES;
				GCC_WARN_UNUSED_VARIABLE = YES;
				IPHONEOS_DEPLOYMENT_TARGET = 15.5;
				MTL_ENABLE_DEBUG_INFO = NO;
				MTL_FAST_MATH = YES;
				SDKROOT = iphoneos;
				SWIFT_COMPILATION_MODE = wholemodule;
				SWIFT_OPTIMIZATION_LEVEL = "-O";
				VALIDATE_PRODUCT = YES;
			};
			name = Release;
		};
		9A7102B928A1D295005441DD /* Debug */ = {
			isa = XCBuildConfiguration;
			buildSettings = {
				ASSETCATALOG_COMPILER_APPICON_NAME = AppIcon;
				ASSETCATALOG_COMPILER_GLOBAL_ACCENT_COLOR_NAME = AccentColor;
				CODE_SIGN_ENTITLEMENTS = PlantWithJoy/PlantWithJoy.entitlements;
				CODE_SIGN_STYLE = Automatic;
				CURRENT_PROJECT_VERSION = 1;
				DEVELOPMENT_TEAM = YYP248S73Y;
				GENERATE_INFOPLIST_FILE = YES;
				INFOPLIST_FILE = PlantWithJoy/Info.plist;
				INFOPLIST_KEY_UIApplicationSupportsIndirectInputEvents = YES;
				INFOPLIST_KEY_UILaunchStoryboardName = LaunchScreen;
				INFOPLIST_KEY_UIMainStoryboardFile = Main;
				INFOPLIST_KEY_UISupportedInterfaceOrientations_iPad = "UIInterfaceOrientationPortrait UIInterfaceOrientationPortraitUpsideDown UIInterfaceOrientationLandscapeLeft UIInterfaceOrientationLandscapeRight";
				INFOPLIST_KEY_UISupportedInterfaceOrientations_iPhone = "UIInterfaceOrientationPortrait UIInterfaceOrientationLandscapeLeft UIInterfaceOrientationLandscapeRight";
				LD_RUNPATH_SEARCH_PATHS = (
					"$(inherited)",
					"@executable_path/Frameworks",
				);
				MARKETING_VERSION = 1.0;
				PRODUCT_BUNDLE_IDENTIFIER = "jisu-jang.PlantWithJoy";
				PRODUCT_NAME = "$(TARGET_NAME)";
				SWIFT_EMIT_LOC_STRINGS = YES;
				SWIFT_VERSION = 5.0;
				TARGETED_DEVICE_FAMILY = "1,2";
			};
			name = Debug;
		};
		9A7102BA28A1D295005441DD /* Release */ = {
			isa = XCBuildConfiguration;
			buildSettings = {
				ASSETCATALOG_COMPILER_APPICON_NAME = AppIcon;
				ASSETCATALOG_COMPILER_GLOBAL_ACCENT_COLOR_NAME = AccentColor;
				CODE_SIGN_ENTITLEMENTS = PlantWithJoy/PlantWithJoy.entitlements;
				CODE_SIGN_STYLE = Automatic;
				CURRENT_PROJECT_VERSION = 1;
				DEVELOPMENT_TEAM = YYP248S73Y;
				GENERATE_INFOPLIST_FILE = YES;
				INFOPLIST_FILE = PlantWithJoy/Info.plist;
				INFOPLIST_KEY_UIApplicationSupportsIndirectInputEvents = YES;
				INFOPLIST_KEY_UILaunchStoryboardName = LaunchScreen;
				INFOPLIST_KEY_UIMainStoryboardFile = Main;
				INFOPLIST_KEY_UISupportedInterfaceOrientations_iPad = "UIInterfaceOrientationPortrait UIInterfaceOrientationPortraitUpsideDown UIInterfaceOrientationLandscapeLeft UIInterfaceOrientationLandscapeRight";
				INFOPLIST_KEY_UISupportedInterfaceOrientations_iPhone = "UIInterfaceOrientationPortrait UIInterfaceOrientationLandscapeLeft UIInterfaceOrientationLandscapeRight";
				LD_RUNPATH_SEARCH_PATHS = (
					"$(inherited)",
					"@executable_path/Frameworks",
				);
				MARKETING_VERSION = 1.0;
				PRODUCT_BUNDLE_IDENTIFIER = "jisu-jang.PlantWithJoy";
				PRODUCT_NAME = "$(TARGET_NAME)";
				SWIFT_EMIT_LOC_STRINGS = YES;
				SWIFT_VERSION = 5.0;
				TARGETED_DEVICE_FAMILY = "1,2";
			};
			name = Release;
		};
/* End XCBuildConfiguration section */

/* Begin XCConfigurationList section */
		9A71029F28A1D294005441DD /* Build configuration list for PBXProject "PlantWithJoy" */ = {
			isa = XCConfigurationList;
			buildConfigurations = (
				9A7102B628A1D295005441DD /* Debug */,
				9A7102B728A1D295005441DD /* Release */,
			);
			defaultConfigurationIsVisible = 0;
			defaultConfigurationName = Release;
		};
		9A7102B828A1D295005441DD /* Build configuration list for PBXNativeTarget "PlantWithJoy" */ = {
			isa = XCConfigurationList;
			buildConfigurations = (
				9A7102B928A1D295005441DD /* Debug */,
				9A7102BA28A1D295005441DD /* Release */,
			);
			defaultConfigurationIsVisible = 0;
			defaultConfigurationName = Release;
		};
/* End XCConfigurationList section */

/* Begin XCRemoteSwiftPackageReference section */
		A92A48A928EF977000A18A90 /* XCRemoteSwiftPackageReference "Then" */ = {
			isa = XCRemoteSwiftPackageReference;
			repositoryURL = "https://github.com/devxoul/Then.git";
			requirement = {
				kind = upToNextMajorVersion;
				minimumVersion = 3.0.0;
			};
		};
		A9EC184928E92C5B00E9E099 /* XCRemoteSwiftPackageReference "SnapKit" */ = {
			isa = XCRemoteSwiftPackageReference;
			repositoryURL = "https://github.com/SnapKit/SnapKit.git";
			requirement = {
				branch = develop;
				kind = branch;
			};
		};
/* End XCRemoteSwiftPackageReference section */

/* Begin XCSwiftPackageProductDependency section */
		A92A48AA28EF977000A18A90 /* Then */ = {
			isa = XCSwiftPackageProductDependency;
			package = A92A48A928EF977000A18A90 /* XCRemoteSwiftPackageReference "Then" */;
			productName = Then;
		};
		A9EC184A28E92C5B00E9E099 /* SnapKit */ = {
			isa = XCSwiftPackageProductDependency;
			package = A9EC184928E92C5B00E9E099 /* XCRemoteSwiftPackageReference "SnapKit" */;
			productName = SnapKit;
		};
/* End XCSwiftPackageProductDependency section */
	};
	rootObject = 9A71029C28A1D294005441DD /* Project object */;
}
